
Microsoft Visual Studio Solution File, Format Version 12.00
# Visual Studio Version 17
VisualStudioVersion = 17.14.36408.4 d17.14
MinimumVisualStudioVersion = 10.0.40219.1
Project("{FAE04EC0-301F-11D3-BF4B-00C04F79EFBC}") = "QAQA", "QAQA\QAQA.csproj", "{74E052DA-4222-4B82-99B8-314649664A4B}"
EndProject
Global
	GlobalSection(SolutionConfigurationPlatforms) = preSolution
		Debug|Any CPU = Debug|Any CPU
		Release|Any CPU = Release|Any CPU
	EndGlobalSection
	GlobalSection(ProjectConfigurationPlatforms) = postSolution
		{74E052DA-4222-4B82-99B8-314649664A4B}.Debug|Any CPU.ActiveCfg = Debug|Any CPU
		{74E052DA-4222-4B82-99B8-314649664A4B}.Debug|Any CPU.Build.0 = Debug|Any CPU
		{74E052DA-4222-4B82-99B8-314649664A4B}.Debug|Any CPU.Deploy.0 = Debug|Any CPU
		{74E052DA-4222-4B82-99B8-314649664A4B}.Release|Any CPU.ActiveCfg = Release|Any CPU
		{74E052DA-4222-4B82-99B8-314649664A4B}.Release|Any CPU.Build.0 = Release|Any CPU
	EndGlobalSection
	GlobalSection(SolutionProperties) = preSolution
		HideSolutionNode = FALSE
	EndGlobalSection
	GlobalSection(ExtensibilityGlobals) = postSolution
		SolutionGuid = {B01FA4B5-F5E3-465C-9867-4FBF7972FCCA}
	EndGlobalSection
EndGlobal
